
Microsoft Visual Studio Solution File, Format Version 12.00
Project("{FAE04EC0-301F-11D3-BF4B-00C04F79EFBC}") = "MapsterTest", "MapsterTest\MapsterTest.csproj", "{CCBA0ADF-B12B-415D-86BE-E65AE998D675}"
EndProject
Global
	GlobalSection(SolutionConfigurationPlatforms) = preSolution
		Debug|Any CPU = Debug|Any CPU
		Release|Any CPU = Release|Any CPU
	EndGlobalSection
	GlobalSection(ProjectConfigurationPlatforms) = postSolution
		{CCBA0ADF-B12B-415D-86BE-E65AE998D675}.Debug|Any CPU.ActiveCfg = Debug|Any CPU
		{CCBA0ADF-B12B-415D-86BE-E65AE998D675}.Debug|Any CPU.Build.0 = Debug|Any CPU
		{CCBA0ADF-B12B-415D-86BE-E65AE998D675}.Release|Any CPU.ActiveCfg = Release|Any CPU
		{CCBA0ADF-B12B-415D-86BE-E65AE998D675}.Release|Any CPU.Build.0 = Release|Any CPU
	EndGlobalSection
EndGlobal
