
Microsoft Visual Studio Solution File, Format Version 12.00
Project("{FAE04EC0-301F-11D3-BF4B-00C04F79EFBC}") = "MapsterTest.Api", "MapsterTest.Api\MapsterTest.Api.csproj", "{94055342-FAE3-48BD-8ACB-762407529561}"
EndProject
Project("{FAE04EC0-301F-11D3-BF4B-00C04F79EFBC}") = "MapsterTest.ConsoleUI", "MapsterTest.ConsoleUI\MapsterTest.ConsoleUI.csproj", "{9A55054D-DB83-4A58-821E-EB2F57BC142D}"
EndProject
Project("{2150E333-8FDC-42A3-9474-1A3956D46DE8}") = "Clients", "Clients", "{D74E39E6-1CA4-493D-A1EC-45EED3B93C7D}"
EndProject
Project("{2150E333-8FDC-42A3-9474-1A3956D46DE8}") = "Server", "Server", "{2A10B159-C701-48B5-9C86-DE83E3486EFB}"
EndProject
Project("{FAE04EC0-301F-11D3-BF4B-00C04F79EFBC}") = "MapsterTest.Client.Infrastructure", "MapsterTest.Client.Infrastructure\MapsterTest.Client.Infrastructure.csproj", "{7D2DB80A-FD1E-4749-8BF6-69C09EBC0E32}"
EndProject
Project("{FAE04EC0-301F-11D3-BF4B-00C04F79EFBC}") = "MapsterTest.WebUI", "MapsterTest.WebUI\MapsterTest.WebUI.csproj", "{48C94D1E-DFBB-4333-B240-11ABF0F9FA82}"
EndProject
Project("{FAE04EC0-301F-11D3-BF4B-00C04F79EFBC}") = "MapsterTest.Domain", "MapsterTest.Domain\MapsterTest.Domain.csproj", "{BF8DD5E6-696A-4D0E-9313-00E14638A065}"
EndProject
Project("{FAE04EC0-301F-11D3-BF4B-00C04F79EFBC}") = "MapsterTest.Application", "MapsterTest.Application\MapsterTest.Application.csproj", "{74B96CE0-F898-4130-964B-1EFA653FDE4E}"
EndProject
Project("{2150E333-8FDC-42A3-9474-1A3956D46DE8}") = "Application", "Application", "{E3916E3A-E8C8-4F22-A57E-2269BB73730D}"
EndProject
Global
	GlobalSection(SolutionConfigurationPlatforms) = preSolution
		Debug|Any CPU = Debug|Any CPU
		Release|Any CPU = Release|Any CPU
	EndGlobalSection
	GlobalSection(ProjectConfigurationPlatforms) = postSolution
		{94055342-FAE3-48BD-8ACB-762407529561}.Debug|Any CPU.ActiveCfg = Debug|Any CPU
		{94055342-FAE3-48BD-8ACB-762407529561}.Debug|Any CPU.Build.0 = Debug|Any CPU
		{94055342-FAE3-48BD-8ACB-762407529561}.Release|Any CPU.ActiveCfg = Release|Any CPU
		{94055342-FAE3-48BD-8ACB-762407529561}.Release|Any CPU.Build.0 = Release|Any CPU
		{9A55054D-DB83-4A58-821E-EB2F57BC142D}.Debug|Any CPU.ActiveCfg = Debug|Any CPU
		{9A55054D-DB83-4A58-821E-EB2F57BC142D}.Debug|Any CPU.Build.0 = Debug|Any CPU
		{9A55054D-DB83-4A58-821E-EB2F57BC142D}.Release|Any CPU.ActiveCfg = Release|Any CPU
		{9A55054D-DB83-4A58-821E-EB2F57BC142D}.Release|Any CPU.Build.0 = Release|Any CPU
		{7D2DB80A-FD1E-4749-8BF6-69C09EBC0E32}.Debug|Any CPU.ActiveCfg = Debug|Any CPU
		{7D2DB80A-FD1E-4749-8BF6-69C09EBC0E32}.Debug|Any CPU.Build.0 = Debug|Any CPU
		{7D2DB80A-FD1E-4749-8BF6-69C09EBC0E32}.Release|Any CPU.ActiveCfg = Release|Any CPU
		{7D2DB80A-FD1E-4749-8BF6-69C09EBC0E32}.Release|Any CPU.Build.0 = Release|Any CPU
		{48C94D1E-DFBB-4333-B240-11ABF0F9FA82}.Debug|Any CPU.ActiveCfg = Debug|Any CPU
		{48C94D1E-DFBB-4333-B240-11ABF0F9FA82}.Debug|Any CPU.Build.0 = Debug|Any CPU
		{48C94D1E-DFBB-4333-B240-11ABF0F9FA82}.Release|Any CPU.ActiveCfg = Release|Any CPU
		{48C94D1E-DFBB-4333-B240-11ABF0F9FA82}.Release|Any CPU.Build.0 = Release|Any CPU
		{BF8DD5E6-696A-4D0E-9313-00E14638A065}.Debug|Any CPU.ActiveCfg = Debug|Any CPU
		{BF8DD5E6-696A-4D0E-9313-00E14638A065}.Debug|Any CPU.Build.0 = Debug|Any CPU
		{BF8DD5E6-696A-4D0E-9313-00E14638A065}.Release|Any CPU.ActiveCfg = Release|Any CPU
		{BF8DD5E6-696A-4D0E-9313-00E14638A065}.Release|Any CPU.Build.0 = Release|Any CPU
		{74B96CE0-F898-4130-964B-1EFA653FDE4E}.Debug|Any CPU.ActiveCfg = Debug|Any CPU
		{74B96CE0-F898-4130-964B-1EFA653FDE4E}.Debug|Any CPU.Build.0 = Debug|Any CPU
		{74B96CE0-F898-4130-964B-1EFA653FDE4E}.Release|Any CPU.ActiveCfg = Release|Any CPU
		{74B96CE0-F898-4130-964B-1EFA653FDE4E}.Release|Any CPU.Build.0 = Release|Any CPU
	EndGlobalSection
	GlobalSection(NestedProjects) = preSolution
		{94055342-FAE3-48BD-8ACB-762407529561} = {2A10B159-C701-48B5-9C86-DE83E3486EFB}
		{9A55054D-DB83-4A58-821E-EB2F57BC142D} = {D74E39E6-1CA4-493D-A1EC-45EED3B93C7D}
		{7D2DB80A-FD1E-4749-8BF6-69C09EBC0E32} = {D74E39E6-1CA4-493D-A1EC-45EED3B93C7D}
		{48C94D1E-DFBB-4333-B240-11ABF0F9FA82} = {D74E39E6-1CA4-493D-A1EC-45EED3B93C7D}
		{74B96CE0-F898-4130-964B-1EFA653FDE4E} = {E3916E3A-E8C8-4F22-A57E-2269BB73730D}
		{BF8DD5E6-696A-4D0E-9313-00E14638A065} = {E3916E3A-E8C8-4F22-A57E-2269BB73730D}
	EndGlobalSection
EndGlobal
